{
  "version": 1,
  "dependencies": {
    "net7.0": {
      "AWSSDK.CloudFormation": {
        "type": "Direct",
        "requested": "[3.7.301.2, )",
        "resolved": "3.7.301.2",
        "contentHash": "ZlTVWOojoYAh3+3pCalwgwl3LlXZ3pOJUpYxBxWcxplOgEg6Mhn5zdEti+MoQTDrcNgFBr8RfhVVGgYDzEnX+A==",
        "dependencies": {
          "AWSSDK.Core": "[3.7.300.7, 4.0.0)"
        }
      },
      "AWSSDK.ECR": {
        "type": "Direct",
        "requested": "[3.7.301.2, )",
        "resolved": "3.7.301.2",
        "contentHash": "M8ljzx5ZX53TXMYkJ2mFm7RiziVphbsGYGIFE7s8nsiyOuIfPHeYyPm4ksaXl5YhnMydHxnNOGrmRsbEAJfCUQ==",
        "dependencies": {
          "AWSSDK.Core": "[3.7.300.7, 4.0.0)"
        }
      },
      "AWSSDK.ECRPublic": {
        "type": "Direct",
        "requested": "[3.7.300.7, )",
        "resolved": "3.7.300.7",
        "contentHash": "MvdcOApy53b6TgwczzLuck4zqt+fOd+DU+CUK19wIujcomXJWxDn4EwuuZ0uTLvlIG0VTvf4mlNe3jDIR3Xymg==",
        "dependencies": {
          "AWSSDK.Core": "[3.7.300.7, 4.0.0)"
        }
      },
      "AWSSDK.KeyManagementService": {
        "type": "Direct",
        "requested": "[3.7.300.7, )",
        "resolved": "3.7.300.7",
        "contentHash": "nnm9hyxsIiFzZnTNUD9zf82kLyY8JSfT/CQCaOsH3q/5dHLl41zqzvt3LxkNJ0nNrcHuFtwFPKu2mEGr60Q8Iw==",
        "dependencies": {
          "AWSSDK.Core": "[3.7.300.7, 4.0.0)"
        }
      },
      "Nerdbank.GitVersioning": {
        "type": "Direct",
        "requested": "[3.5.119, )",
        "resolved": "3.5.119",
        "contentHash": "x8k4zV6YKZA5Rr810439lG9NngdbyPtFv0QpIYz32m1Im59kvSbEHO8gKGZoNvsfZSquayjEDUCa8acbut372g=="
      },
      "StyleCop.Analyzers": {
        "type": "Direct",
        "requested": "[1.2.0-beta.435, )",
        "resolved": "1.2.0-beta.435",
        "contentHash": "TADk7vdGXtfTnYCV7GyleaaRTQjfoSfZXprQrVMm7cSJtJbFc1QIbWPyLvrgrfGdfHbGmUPvaN4ODKNxg2jgPQ==",
        "dependencies": {
          "StyleCop.Analyzers.Unstable": "1.2.0.435"
        }
      },
      "AWSSDK.Core": {
        "type": "Transitive",
        "resolved": "3.7.300.7",
        "contentHash": "hQWWQ90fKTMCspSUYfR3Yu0g02x8iTvTOKtVPDOFmeUSZ5DRJB/DQ2a/CeKzbOnX/FHly7X2DFFEtjNIWvWPfg=="
      },
      "StyleCop.Analyzers.Unstable": {
        "type": "Transitive",
        "resolved": "1.2.0.435",
        "contentHash": "ouwPWZxbOV3SmCZxIRqHvljkSzkCyi1tDoMzQtDb/bRP8ctASV/iRJr+A2Gdj0QLaLmWnqTWDrH82/iP+X80Lg=="
      }
    }
  }
}