{
  "version": 1,
  "dependencies": {
    "net7.0": {
      "AWSSDK.CloudFormation": {
        "type": "Direct",
        "requested": "[3.7.105.23, )",
        "resolved": "3.7.105.23",
        "contentHash": "8YpmR4nzG6C/TtQl5NPE8wesBB8s8MZfkKlv8gzZpOysK8rYNGevXIlG1Kdkw195g+LebFyX5sbzLUyVsNxW8w==",
        "dependencies": {
          "AWSSDK.Core": "[3.7.106.37, 4.0.0)"
        }
      },
      "AWSSDK.ECR": {
        "type": "Direct",
        "requested": "[3.7.100.130, )",
        "resolved": "3.7.100.130",
        "contentHash": "ebNva+CnjnPTcX4K49JvXYuOT4G07n+3qRHaiUjuXe7G+cn2wbdNOZTVtCdYjyXp5+zogaID/+T7/AGDOPILbQ==",
        "dependencies": {
          "AWSSDK.Core": "[3.7.106.37, 4.0.0)"
        }
      },
      "AWSSDK.ECRPublic": {
        "type": "Direct",
        "requested": "[3.7.102.20, )",
        "resolved": "3.7.102.20",
        "contentHash": "tZihZ4Kxr4K0LkkVz/IWJEvDqBW8Rm8g2UffZoby6hQFzySFG8p5Ps0ZMcHcZYJiVogzt/fE0x+j4X01xzz2AQ==",
        "dependencies": {
          "AWSSDK.Core": "[3.7.106.37, 4.0.0)"
        }
      },
      "AWSSDK.KeyManagementService": {
        "type": "Direct",
        "requested": "[3.7.102.7, )",
        "resolved": "3.7.102.7",
        "contentHash": "bYwy4pQes4tecjBC4DafX0QMPVkFUbokzgPzsCEFraTimcPp1JylqqFFEOaMsS1mmUMTDvq8n16f8S1FP7m6MQ==",
        "dependencies": {
          "AWSSDK.Core": "[3.7.106.37, 4.0.0)"
        }
      },
      "Nerdbank.GitVersioning": {
        "type": "Direct",
        "requested": "[3.5.119, )",
        "resolved": "3.5.119",
        "contentHash": "x8k4zV6YKZA5Rr810439lG9NngdbyPtFv0QpIYz32m1Im59kvSbEHO8gKGZoNvsfZSquayjEDUCa8acbut372g=="
      },
      "StyleCop.Analyzers": {
        "type": "Direct",
        "requested": "[1.2.0-beta.435, )",
        "resolved": "1.2.0-beta.435",
        "contentHash": "TADk7vdGXtfTnYCV7GyleaaRTQjfoSfZXprQrVMm7cSJtJbFc1QIbWPyLvrgrfGdfHbGmUPvaN4ODKNxg2jgPQ==",
        "dependencies": {
          "StyleCop.Analyzers.Unstable": "1.2.0.435"
        }
      },
      "AWSSDK.Core": {
        "type": "Transitive",
        "resolved": "3.7.106.37",
        "contentHash": "TIUBSChTddehhPfvy69vCeJzbof8Hy5aaf6ofY2AHXrilNEo8HlPIsqGnV0MZDLsxWW1DhNaKggfxj1rR+KE6w=="
      },
      "StyleCop.Analyzers.Unstable": {
        "type": "Transitive",
        "resolved": "1.2.0.435",
        "contentHash": "ouwPWZxbOV3SmCZxIRqHvljkSzkCyi1tDoMzQtDb/bRP8ctASV/iRJr+A2Gdj0QLaLmWnqTWDrH82/iP+X80Lg=="
      }
    }
  }
}