{
  "version": 1,
  "dependencies": {
    "net6.0": {
      "AWSSDK.CloudFormation": {
        "type": "Direct",
        "requested": "[3.7.11.43, )",
        "resolved": "3.7.11.43",
        "contentHash": "phlx52zs8Yfg70ZvB7bZyQ26JSxogcKXWywjJ1IeoOE5FPht2QnRb5KOv1goUI8kJxUvgxdL6xHxbrj4H27kug==",
        "dependencies": {
          "AWSSDK.Core": "[3.7.13.18, 4.0.0)"
        }
      },
      "AWSSDK.ECR": {
        "type": "Direct",
        "requested": "[3.7.4.82, )",
        "resolved": "3.7.4.82",
        "contentHash": "X5ECAqm5GFd3p7Lhfo9eStd//T9BFBNTsC0/GFsfpgxZcFUOZMtx/XYAc8HE821qBoHsyTgkftDMhnIcmzuTNw==",
        "dependencies": {
          "AWSSDK.Core": "[3.7.13.18, 4.0.0)"
        }
      },
      "AWSSDK.ECRPublic": {
        "type": "Direct",
        "requested": "[3.7.0.220, )",
        "resolved": "3.7.0.220",
        "contentHash": "8vKdFog7vb4z5fkjDHw5wdUYDzMgAV8p9Qi+dUj71CNNVYDh357YnYJPmIG6dco9jEE/3p/yKm5wDYK3XghLZQ==",
        "dependencies": {
          "AWSSDK.Core": "[3.7.13.18, 4.0.0)"
        }
      },
      "AWSSDK.KeyManagementService": {
        "type": "Direct",
        "requested": "[3.7.4.38, )",
        "resolved": "3.7.4.38",
        "contentHash": "ckG8Ot4bUM8K1ccpVEUIT3i+NRJDzju+2OZdGwu42Yi1BAY2mjB7o4xzf1LnC2JaoeXQbYKkULF0y0Nm6r/2Jw==",
        "dependencies": {
          "AWSSDK.Core": "[3.7.13.18, 4.0.0)"
        }
      },
      "StyleCop.Analyzers": {
        "type": "Direct",
        "requested": "[1.2.0-beta.354, )",
        "resolved": "1.2.0-beta.354",
        "contentHash": "oDSJNxnEvIzAQTkpkc/FnJP4dQ7TV6fHMsI+2ckU5DOaMiwiEfh1fawMsSqz2bCoNwbTt9lS6MgYvyVKujNJoA==",
        "dependencies": {
          "StyleCop.Analyzers.Unstable": "1.2.0.354"
        }
      },
      "AWSSDK.Core": {
        "type": "Transitive",
        "resolved": "3.7.13.18",
        "contentHash": "QGXw5QL10f3inaBT7whFRu8eW5vF/OCoqh2CAgvPMJn0TQ2P3jv+PN3mVnaMIowwBxF2y8OdQI8SlAle8HyBFw=="
      },
      "StyleCop.Analyzers.Unstable": {
        "type": "Transitive",
        "resolved": "1.2.0.354",
        "contentHash": "/3RlM31XbJ02gaWh7dVumWOyMvGHswb/zygGJXd9oEJMRyyYc/HFJlAC5gBPxvi9cB4CMvIyyUTmZz5VLKwTvg=="
      }
    }
  }
}